// !$*UTF8*$!
{
	archiveVersion = 1;
	classes = {
	};
	objectVersion = 52;
	objects = {

/* Begin PBXBuildFile section */
		BF0D2C1C24FADC4E00AEF86F /* KeyboardShortcuts in Frameworks */ = {isa = PBXBuildFile; productRef = BF0D2C1B24FADC4E00AEF86F /* KeyboardShortcuts */; };
		BF0D2C1E24FADD1F00AEF86F /* Keyboard.swift in Sources */ = {isa = PBXBuildFile; fileRef = BF0D2C1D24FADD1F00AEF86F /* Keyboard.swift */; };
		BF0D2C2024FAE86B00AEF86F /* ControlsPrefsViewController.swift in Sources */ = {isa = PBXBuildFile; fileRef = BF0D2C1F24FAE86B00AEF86F /* ControlsPrefsViewController.swift */; };
		BF109CD724FAFD6F00F06E47 /* PreferencesWindowController.swift in Sources */ = {isa = PBXBuildFile; fileRef = BF109CD624FAFD6F00F06E47 /* PreferencesWindowController.swift */; };
		BF109CD924FB20B400F06E47 /* GameSignalKind.swift in Sources */ = {isa = PBXBuildFile; fileRef = BF109CD824FB20B400F06E47 /* GameSignalKind.swift */; };
		BF109CDB24FB26FB00F06E47 /* Store.swift in Sources */ = {isa = PBXBuildFile; fileRef = BF109CDA24FB26FB00F06E47 /* Store.swift */; };
		BF109CDD24FB31F400F06E47 /* Achievements.swift in Sources */ = {isa = PBXBuildFile; fileRef = BF109CDC24FB31F400F06E47 /* Achievements.swift */; };
		BF153F9124FC3DF3007B20B4 /* leverToggle.wav in Resources */ = {isa = PBXBuildFile; fileRef = BF153F8E24FC3DF3007B20B4 /* leverToggle.wav */; };
		BF153F9224FC3DF3007B20B4 /* cantUse.wav in Resources */ = {isa = PBXBuildFile; fileRef = BF153F8F24FC3DF3007B20B4 /* cantUse.wav */; };
		BF153F9324FC3DF3007B20B4 /* computerPowerOn.wav in Resources */ = {isa = PBXBuildFile; fileRef = BF153F9024FC3DF3007B20B4 /* computerPowerOn.wav */; };
		BF1A5940250014BD000929CF /* Tilemaps.swift in Sources */ = {isa = PBXBuildFile; fileRef = BF1A593F250014BD000929CF /* Tilemaps.swift */; };
		BF1A59422500155A000929CF /* TilemapParseData.swift in Sources */ = {isa = PBXBuildFile; fileRef = BF1A59412500155A000929CF /* TilemapParseData.swift */; };
		BF2514B524F45DB8000300B7 /* Tileset.sks in Resources */ = {isa = PBXBuildFile; fileRef = BF2514B424F45DB8000300B7 /* Tileset.sks */; };
		BF2B5E4725016CFB001EC2E7 /* CommandLineArguments.swift in Sources */ = {isa = PBXBuildFile; fileRef = BF2B5E4625016CFB001EC2E7 /* CommandLineArguments.swift */; };
		BF2B5E4925016D2D001EC2E7 /* Arguments.swift in Sources */ = {isa = PBXBuildFile; fileRef = BF2B5E4825016D2D001EC2E7 /* Arguments.swift */; };
		BF3A0B7224F6B72300575F72 /* LevelDataConfiguration.swift in Sources */ = {isa = PBXBuildFile; fileRef = BF3A0B7124F6B72300575F72 /* LevelDataConfiguration.swift */; };
		BF3A0B7524F6C42500575F72 /* changeCostume.wav in Resources */ = {isa = PBXBuildFile; fileRef = BF3A0B7424F6C42500575F72 /* changeCostume.wav */; };
		BF3A0B7824F6CB0C00575F72 /* GameSignalReceivable.swift in Sources */ = {isa = PBXBuildFile; fileRef = BF3A0B7724F6CB0C00575F72 /* GameSignalReceivable.swift */; };
		BF3A0B7A24F6CB4D00575F72 /* GameSignalSender.swift in Sources */ = {isa = PBXBuildFile; fileRef = BF3A0B7924F6CB4D00575F72 /* GameSignalSender.swift */; };
		BF3A0B7C24F6CB9900575F72 /* GameSignalMethod.swift in Sources */ = {isa = PBXBuildFile; fileRef = BF3A0B7B24F6CB9900575F72 /* GameSignalMethod.swift */; };
		BF3A0B7F24F6EB4900575F72 /* GameSignalInputMethod.swift in Sources */ = {isa = PBXBuildFile; fileRef = BF3A0B7E24F6EB4900575F72 /* GameSignalInputMethod.swift */; };
		BF3A0B8124F703F400575F72 /* MainMenu.sks in Resources */ = {isa = PBXBuildFile; fileRef = BF3A0B8024F703F400575F72 /* MainMenu.sks */; };
		BF3A0B8424F7046900575F72 /* DoorReceiver.swift in Sources */ = {isa = PBXBuildFile; fileRef = BF3A0B8324F7046900575F72 /* DoorReceiver.swift */; };
		BF3A0B8624F70B8900575F72 /* GameSceneUtils.swift in Sources */ = {isa = PBXBuildFile; fileRef = BF3A0B8524F70B8900575F72 /* GameSceneUtils.swift */; };
		BF3A0B8A24F733C400575F72 /* Cabin-Regular.ttf in Resources */ = {isa = PBXBuildFile; fileRef = BF3A0B8924F733C400575F72 /* Cabin-Regular.ttf */; };
		BF3A0B8C24F733F300575F72 /* DancingScript-VariableFont_wght.ttf in Resources */ = {isa = PBXBuildFile; fileRef = BF3A0B8B24F733EE00575F72 /* DancingScript-VariableFont_wght.ttf */; };
		BF3A0B9024F7355200575F72 /* MainMenu.swift in Sources */ = {isa = PBXBuildFile; fileRef = BF3A0B8F24F7355200575F72 /* MainMenu.swift */; };
		BF4A451F2501B683008BDD5A /* Entry.sks in Resources */ = {isa = PBXBuildFile; fileRef = BF4A451E2501B683008BDD5A /* Entry.sks */; };
		BF63E65924F84B2000429247 /* PreferencesViewController.swift in Sources */ = {isa = PBXBuildFile; fileRef = BF63E65824F84B2000429247 /* PreferencesViewController.swift */; };
		BF63E65B24F84BAC00429247 /* GeneralPrefsViewController.swift in Sources */ = {isa = PBXBuildFile; fileRef = BF63E65A24F84BAC00429247 /* GeneralPrefsViewController.swift */; };
		BF69F2C324F4B11200BBF518 /* Alerts.swift in Sources */ = {isa = PBXBuildFile; fileRef = BF69F2C224F4B11200BBF518 /* Alerts.swift */; };
		BF6B98E324FDD03900A206FF /* Intro.sks in Resources */ = {isa = PBXBuildFile; fileRef = BF6B98E224FDD03900A206FF /* Intro.sks */; };
		BF6B98E524FDD36A00A206FF /* Intro.swift in Sources */ = {isa = PBXBuildFile; fileRef = BF6B98E424FDD36A00A206FF /* Intro.swift */; };
		BF6FBAD724A8BDD400996890 /* AppDelegate.swift in Sources */ = {isa = PBXBuildFile; fileRef = BF6FBAD624A8BDD400996890 /* AppDelegate.swift */; };
		BF6FBADD24A8BDD400996890 /* GameScene.swift in Sources */ = {isa = PBXBuildFile; fileRef = BF6FBADC24A8BDD400996890 /* GameScene.swift */; };
		BF6FBADF24A8BDD400996890 /* ViewController.swift in Sources */ = {isa = PBXBuildFile; fileRef = BF6FBADE24A8BDD400996890 /* ViewController.swift */; };
		BF6FBAE124A8BDDB00996890 /* Assets.xcassets in Resources */ = {isa = PBXBuildFile; fileRef = BF6FBAE024A8BDDB00996890 /* Assets.xcassets */; };
		BF6FBAE424A8BDDB00996890 /* Main.storyboard in Resources */ = {isa = PBXBuildFile; fileRef = BF6FBAE224A8BDDB00996890 /* Main.storyboard */; };
		BF6FBAF024A8BDDB00996890 /* ConsciousTests.swift in Sources */ = {isa = PBXBuildFile; fileRef = BF6FBAEF24A8BDDB00996890 /* ConsciousTests.swift */; };
		BF6FBAFB24A8BDDB00996890 /* ConsciousUITests.swift in Sources */ = {isa = PBXBuildFile; fileRef = BF6FBAFA24A8BDDB00996890 /* ConsciousUITests.swift */; };
		BF8C30F02502E0BD00A29425 /* GameHeavyObject.swift in Sources */ = {isa = PBXBuildFile; fileRef = BF8C30EF2502E0BD00A29425 /* GameHeavyObject.swift */; };
		BF8C30F2250304B700A29425 /* Hacker.sks in Resources */ = {isa = PBXBuildFile; fileRef = BF8C30F1250304B700A29425 /* Hacker.sks */; };
		BFAD1346250285F60074DCBA /* GameLever.swift in Sources */ = {isa = PBXBuildFile; fileRef = BFAD1345250285F60074DCBA /* GameLever.swift */; };
		BFAD1348250286E20074DCBA /* GameComputer.swift in Sources */ = {isa = PBXBuildFile; fileRef = BFAD1347250286E20074DCBA /* GameComputer.swift */; };
		BFAD134A25028C0F0074DCBA /* GameAlarmClock.swift in Sources */ = {isa = PBXBuildFile; fileRef = BFAD134925028C0F0074DCBA /* GameAlarmClock.swift */; };
		BFAD134D250298970074DCBA /* alarmEnable.wav in Resources */ = {isa = PBXBuildFile; fileRef = BFAD134B250298970074DCBA /* alarmEnable.wav */; };
		BFAD134E250298970074DCBA /* alarmDisable.wav in Resources */ = {isa = PBXBuildFile; fileRef = BFAD134C250298970074DCBA /* alarmDisable.wav */; };
		BFAD13502502AFDE0074DCBA /* PressurePlate.swift in Sources */ = {isa = PBXBuildFile; fileRef = BFAD134F2502AFDE0074DCBA /* PressurePlate.swift */; };
		BFBCA1C62506A883001FFA91 /* Simultaneous.sks in Resources */ = {isa = PBXBuildFile; fileRef = BFBCA1C52506A883001FFA91 /* Simultaneous.sks */; };
		BFBCA1C82506B0E5001FFA91 /* Swiftly.sks in Resources */ = {isa = PBXBuildFile; fileRef = BFBCA1C72506B0E5001FFA91 /* Swiftly.sks */; };
		BFBEB33124F80ACE00162B06 /* Preferences.storyboard in Resources */ = {isa = PBXBuildFile; fileRef = BFBEB33024F80ACE00162B06 /* Preferences.storyboard */; };
		BFBEB33324F8439900162B06 /* Preferences.swift in Sources */ = {isa = PBXBuildFile; fileRef = BFBEB33224F8439900162B06 /* Preferences.swift */; };
		BFBEB33524F847F600162B06 /* AdvancedPrefsViewController.swift in Sources */ = {isa = PBXBuildFile; fileRef = BFBEB33424F847F600162B06 /* AdvancedPrefsViewController.swift */; };
		BFC78F3924F486EF004E85A9 /* PlayerCostumeType.swift in Sources */ = {isa = PBXBuildFile; fileRef = BFC78F3824F486EF004E85A9 /* PlayerCostumeType.swift */; };
		BFC78F3D24F48731004E85A9 /* Player.swift in Sources */ = {isa = PBXBuildFile; fileRef = BFC78F3C24F48731004E85A9 /* Player.swift */; };
		BFD10ED72502CF0400BCDAA9 /* plateOn.wav in Resources */ = {isa = PBXBuildFile; fileRef = BFD10ED52502CF0400BCDAA9 /* plateOn.wav */; };
		BFD10ED82502CF0400BCDAA9 /* plateOff.wav in Resources */ = {isa = PBXBuildFile; fileRef = BFD10ED62502CF0400BCDAA9 /* plateOff.wav */; };
		BFD8795524F5A2FF00552EDD /* Player_Forward_Bird.atlas in Resources */ = {isa = PBXBuildFile; fileRef = BFD8795124F5A2FE00552EDD /* Player_Forward_Bird.atlas */; };
		BFD8795624F5A2FF00552EDD /* Player_Forward_USB.atlas in Resources */ = {isa = PBXBuildFile; fileRef = BFD8795224F5A2FF00552EDD /* Player_Forward_USB.atlas */; };
		BFD8795724F5A2FF00552EDD /* Player_Forward_Default.atlas in Resources */ = {isa = PBXBuildFile; fileRef = BFD8795324F5A2FF00552EDD /* Player_Forward_Default.atlas */; };
		BFD8795824F5A2FF00552EDD /* Player_Forward_Sorceress.atlas in Resources */ = {isa = PBXBuildFile; fileRef = BFD8795424F5A2FF00552EDD /* Player_Forward_Sorceress.atlas */; };
		BFD8795B24F5AE7F00552EDD /* Player_Backward_Bird.atlas in Resources */ = {isa = PBXBuildFile; fileRef = BFD8795924F5AE7F00552EDD /* Player_Backward_Bird.atlas */; };
		BFD8795C24F5AE7F00552EDD /* Player_Backward_Default.atlas in Resources */ = {isa = PBXBuildFile; fileRef = BFD8795A24F5AE7F00552EDD /* Player_Backward_Default.atlas */; };
		BFD8795E24F5B60900552EDD /* GameSetup.swift in Sources */ = {isa = PBXBuildFile; fileRef = BFD8795D24F5B60900552EDD /* GameSetup.swift */; };
		BFD8796024F5B61D00552EDD /* GameTileType.swift in Sources */ = {isa = PBXBuildFile; fileRef = BFD8795F24F5B61D00552EDD /* GameTileType.swift */; };
		BFD8796324F5C63C00552EDD /* Player_Backward_USB.atlas in Resources */ = {isa = PBXBuildFile; fileRef = BFD8796224F5C63C00552EDD /* Player_Backward_USB.atlas */; };
		BFD8796524F5C68700552EDD /* Animations.swift in Sources */ = {isa = PBXBuildFile; fileRef = BFD8796424F5C68700552EDD /* Animations.swift */; };
		BFD8796F24F5CA4000552EDD /* Player_Backward_Sorceress.atlas in Resources */ = {isa = PBXBuildFile; fileRef = BFD8796E24F5CA4000552EDD /* Player_Backward_Sorceress.atlas */; };
		BFD8797124F5D8BB00552EDD /* Player_Side_Default.atlas in Resources */ = {isa = PBXBuildFile; fileRef = BFD8797024F5D8BB00552EDD /* Player_Side_Default.atlas */; };
		BFD8797524F5DE3E00552EDD /* Player_Side_Sorceress.atlas in Resources */ = {isa = PBXBuildFile; fileRef = BFD8797224F5DE3E00552EDD /* Player_Side_Sorceress.atlas */; };
		BFD8797624F5DE3E00552EDD /* Player_Side_USB.atlas in Resources */ = {isa = PBXBuildFile; fileRef = BFD8797324F5DE3E00552EDD /* Player_Side_USB.atlas */; };
		BFD8797724F5DE3E00552EDD /* Player_Side_Bird.atlas in Resources */ = {isa = PBXBuildFile; fileRef = BFD8797424F5DE3E00552EDD /* Player_Side_Bird.atlas */; };
		BFD8797924F5FDA800552EDD /* CGVector.swift in Sources */ = {isa = PBXBuildFile; fileRef = BFD8797824F5FDA800552EDD /* CGVector.swift */; };
		BFDBE7AE24F955EE00FD75BF /* GameKit.framework in Frameworks */ = {isa = PBXBuildFile; fileRef = BFDBE7AD24F955EE00FD75BF /* GameKit.framework */; };
		BFDF94E62507FE42004F5BE7 /* GameAchievementTrigger.swift in Sources */ = {isa = PBXBuildFile; fileRef = BFDF94E52507FE42004F5BE7 /* GameAchievementTrigger.swift */; };
		BFDF94E825080C3D004F5BE7 /* Boundary.sks in Resources */ = {isa = PBXBuildFile; fileRef = BFDF94E725080C3D004F5BE7 /* Boundary.sks */; };
		BFDF94EA25084600004F5BE7 /* Rushed.sks in Resources */ = {isa = PBXBuildFile; fileRef = BFDF94E925084600004F5BE7 /* Rushed.sks */; };
		BFE6475424F8853800230F93 /* OFL.txt in Resources */ = {isa = PBXBuildFile; fileRef = BFE6475324F8853800230F93 /* OFL.txt */; };
		BFE6475624F88B1300230F93 /* SwitchRequisite.swift in Sources */ = {isa = PBXBuildFile; fileRef = BFE6475524F88B1300230F93 /* SwitchRequisite.swift */; };
		BFE6475824F8B03500230F93 /* MenuTileset.sks in Resources */ = {isa = PBXBuildFile; fileRef = BFE6475724F8B03500230F93 /* MenuTileset.sks */; };
		BFED62B924F5814B00BB6AA2 /* PlayerMoveDirection.swift in Sources */ = {isa = PBXBuildFile; fileRef = BFED62B824F5814B00BB6AA2 /* PlayerMoveDirection.swift */; };
		BFED62C024F5954000BB6AA2 /* Player_Change.atlas in Resources */ = {isa = PBXBuildFile; fileRef = BFED62BF24F5954000BB6AA2 /* Player_Change.atlas */; };
		BFEE78C324FBF1FC006FBFF0 /* GameAchievments.swift in Sources */ = {isa = PBXBuildFile; fileRef = BFEE78C224FBF1FC006FBFF0 /* GameAchievments.swift */; };
		BFEE78C524FBFDB4006FBFF0 /* PauseScene.swift in Sources */ = {isa = PBXBuildFile; fileRef = BFEE78C424FBFDB4006FBFF0 /* PauseScene.swift */; };
		BFEE78C724FC04EC006FBFF0 /* PauseMenu.sks in Resources */ = {isa = PBXBuildFile; fileRef = BFEE78C624FC04EC006FBFF0 /* PauseMenu.sks */; };
		BFFF892C24F93FF800D405CC /* PropertyLists.swift in Sources */ = {isa = PBXBuildFile; fileRef = BFFF892B24F93FF800D405CC /* PropertyLists.swift */; };
		BFFF892D24F943E400D405CC /* MenuContent.plist in Resources */ = {isa = PBXBuildFile; fileRef = BFFF892A24F93F6A00D405CC /* MenuContent.plist */; };
/* End PBXBuildFile section */

/* Begin PBXContainerItemProxy section */
		BF6FBAEC24A8BDDB00996890 /* PBXContainerItemProxy */ = {
			isa = PBXContainerItemProxy;
			containerPortal = BF6FBACB24A8BDD400996890 /* Project object */;
			proxyType = 1;
			remoteGlobalIDString = BF6FBAD224A8BDD400996890;
			remoteInfo = Conscious;
		};
		BF6FBAF724A8BDDB00996890 /* PBXContainerItemProxy */ = {
			isa = PBXContainerItemProxy;
			containerPortal = BF6FBACB24A8BDD400996890 /* Project object */;
			proxyType = 1;
			remoteGlobalIDString = BF6FBAD224A8BDD400996890;
			remoteInfo = Conscious;
		};
/* End PBXContainerItemProxy section */

/* Begin PBXFileReference section */
		BF0D2C1D24FADD1F00AEF86F /* Keyboard.swift */ = {isa = PBXFileReference; lastKnownFileType = sourcecode.swift; path = Keyboard.swift; sourceTree = "<group>"; };
		BF0D2C1F24FAE86B00AEF86F /* ControlsPrefsViewController.swift */ = {isa = PBXFileReference; lastKnownFileType = sourcecode.swift; path = ControlsPrefsViewController.swift; sourceTree = "<group>"; };
		BF109CD624FAFD6F00F06E47 /* PreferencesWindowController.swift */ = {isa = PBXFileReference; lastKnownFileType = sourcecode.swift; path = PreferencesWindowController.swift; sourceTree = "<group>"; };
		BF109CD824FB20B400F06E47 /* GameSignalKind.swift */ = {isa = PBXFileReference; lastKnownFileType = sourcecode.swift; path = GameSignalKind.swift; sourceTree = "<group>"; };
		BF109CDA24FB26FB00F06E47 /* Store.swift */ = {isa = PBXFileReference; lastKnownFileType = sourcecode.swift; path = Store.swift; sourceTree = "<group>"; };
		BF109CDC24FB31F400F06E47 /* Achievements.swift */ = {isa = PBXFileReference; lastKnownFileType = sourcecode.swift; path = Achievements.swift; sourceTree = "<group>"; };
		BF153F8E24FC3DF3007B20B4 /* leverToggle.wav */ = {isa = PBXFileReference; lastKnownFileType = audio.wav; path = leverToggle.wav; sourceTree = "<group>"; };
		BF153F8F24FC3DF3007B20B4 /* cantUse.wav */ = {isa = PBXFileReference; lastKnownFileType = audio.wav; path = cantUse.wav; sourceTree = "<group>"; };
		BF153F9024FC3DF3007B20B4 /* computerPowerOn.wav */ = {isa = PBXFileReference; lastKnownFileType = audio.wav; path = computerPowerOn.wav; sourceTree = "<group>"; };
		BF1A593F250014BD000929CF /* Tilemaps.swift */ = {isa = PBXFileReference; lastKnownFileType = sourcecode.swift; path = Tilemaps.swift; sourceTree = "<group>"; };
		BF1A59412500155A000929CF /* TilemapParseData.swift */ = {isa = PBXFileReference; lastKnownFileType = sourcecode.swift; path = TilemapParseData.swift; sourceTree = "<group>"; };
		BF2514B424F45DB8000300B7 /* Tileset.sks */ = {isa = PBXFileReference; lastKnownFileType = file.sks; path = Tileset.sks; sourceTree = "<group>"; };
		BF2B5E4625016CFB001EC2E7 /* CommandLineArguments.swift */ = {isa = PBXFileReference; lastKnownFileType = sourcecode.swift; path = CommandLineArguments.swift; sourceTree = "<group>"; };
		BF2B5E4825016D2D001EC2E7 /* Arguments.swift */ = {isa = PBXFileReference; lastKnownFileType = sourcecode.swift; path = Arguments.swift; sourceTree = "<group>"; };
		BF3A0B7124F6B72300575F72 /* LevelDataConfiguration.swift */ = {isa = PBXFileReference; lastKnownFileType = sourcecode.swift; path = LevelDataConfiguration.swift; sourceTree = "<group>"; };
		BF3A0B7424F6C42500575F72 /* changeCostume.wav */ = {isa = PBXFileReference; lastKnownFileType = audio.wav; path = changeCostume.wav; sourceTree = "<group>"; };
		BF3A0B7724F6CB0C00575F72 /* GameSignalReceivable.swift */ = {isa = PBXFileReference; lastKnownFileType = sourcecode.swift; path = GameSignalReceivable.swift; sourceTree = "<group>"; };
		BF3A0B7924F6CB4D00575F72 /* GameSignalSender.swift */ = {isa = PBXFileReference; lastKnownFileType = sourcecode.swift; path = GameSignalSender.swift; sourceTree = "<group>"; };
		BF3A0B7B24F6CB9900575F72 /* GameSignalMethod.swift */ = {isa = PBXFileReference; lastKnownFileType = sourcecode.swift; path = GameSignalMethod.swift; sourceTree = "<group>"; };
		BF3A0B7E24F6EB4900575F72 /* GameSignalInputMethod.swift */ = {isa = PBXFileReference; lastKnownFileType = sourcecode.swift; path = GameSignalInputMethod.swift; sourceTree = "<group>"; };
		BF3A0B8024F703F400575F72 /* MainMenu.sks */ = {isa = PBXFileReference; lastKnownFileType = file.sks; path = MainMenu.sks; sourceTree = "<group>"; };
		BF3A0B8324F7046900575F72 /* DoorReceiver.swift */ = {isa = PBXFileReference; lastKnownFileType = sourcecode.swift; path = DoorReceiver.swift; sourceTree = "<group>"; };
		BF3A0B8524F70B8900575F72 /* GameSceneUtils.swift */ = {isa = PBXFileReference; lastKnownFileType = sourcecode.swift; path = GameSceneUtils.swift; sourceTree = "<group>"; };
		BF3A0B8924F733C400575F72 /* Cabin-Regular.ttf */ = {isa = PBXFileReference; lastKnownFileType = file; path = "Cabin-Regular.ttf"; sourceTree = "<group>"; };
		BF3A0B8B24F733EE00575F72 /* DancingScript-VariableFont_wght.ttf */ = {isa = PBXFileReference; lastKnownFileType = file; path = "DancingScript-VariableFont_wght.ttf"; sourceTree = "<group>"; };
		BF3A0B8F24F7355200575F72 /* MainMenu.swift */ = {isa = PBXFileReference; lastKnownFileType = sourcecode.swift; path = MainMenu.swift; sourceTree = "<group>"; };
		BF4A451E2501B683008BDD5A /* Entry.sks */ = {isa = PBXFileReference; lastKnownFileType = file.sks; path = Entry.sks; sourceTree = "<group>"; };
		BF63E65824F84B2000429247 /* PreferencesViewController.swift */ = {isa = PBXFileReference; lastKnownFileType = sourcecode.swift; path = PreferencesViewController.swift; sourceTree = "<group>"; };
		BF63E65A24F84BAC00429247 /* GeneralPrefsViewController.swift */ = {isa = PBXFileReference; lastKnownFileType = sourcecode.swift; path = GeneralPrefsViewController.swift; sourceTree = "<group>"; };
		BF69F2C224F4B11200BBF518 /* Alerts.swift */ = {isa = PBXFileReference; lastKnownFileType = sourcecode.swift; path = Alerts.swift; sourceTree = "<group>"; };
		BF6B98E224FDD03900A206FF /* Intro.sks */ = {isa = PBXFileReference; lastKnownFileType = file.sks; path = Intro.sks; sourceTree = "<group>"; };
		BF6B98E424FDD36A00A206FF /* Intro.swift */ = {isa = PBXFileReference; lastKnownFileType = sourcecode.swift; path = Intro.swift; sourceTree = "<group>"; };
		BF6FBAD324A8BDD400996890 /* The Costumemaster.app */ = {isa = PBXFileReference; explicitFileType = wrapper.application; includeInIndex = 0; path = "The Costumemaster.app"; sourceTree = BUILT_PRODUCTS_DIR; };
		BF6FBAD624A8BDD400996890 /* AppDelegate.swift */ = {isa = PBXFileReference; lastKnownFileType = sourcecode.swift; path = AppDelegate.swift; sourceTree = "<group>"; };
		BF6FBADC24A8BDD400996890 /* GameScene.swift */ = {isa = PBXFileReference; lastKnownFileType = sourcecode.swift; path = GameScene.swift; sourceTree = "<group>"; };
		BF6FBADE24A8BDD400996890 /* ViewController.swift */ = {isa = PBXFileReference; lastKnownFileType = sourcecode.swift; path = ViewController.swift; sourceTree = "<group>"; };
		BF6FBAE024A8BDDB00996890 /* Assets.xcassets */ = {isa = PBXFileReference; lastKnownFileType = folder.assetcatalog; path = Assets.xcassets; sourceTree = "<group>"; };
		BF6FBAE324A8BDDB00996890 /* Base */ = {isa = PBXFileReference; lastKnownFileType = file.storyboard; name = Base; path = Base.lproj/Main.storyboard; sourceTree = "<group>"; };
		BF6FBAE524A8BDDB00996890 /* Info.plist */ = {isa = PBXFileReference; lastKnownFileType = text.plist.xml; path = Info.plist; sourceTree = "<group>"; };
		BF6FBAE624A8BDDB00996890 /* Conscious.entitlements */ = {isa = PBXFileReference; lastKnownFileType = text.plist.entitlements; path = Conscious.entitlements; sourceTree = "<group>"; };
		BF6FBAEB24A8BDDB00996890 /* ConsciousTests.xctest */ = {isa = PBXFileReference; explicitFileType = wrapper.cfbundle; includeInIndex = 0; path = ConsciousTests.xctest; sourceTree = BUILT_PRODUCTS_DIR; };
		BF6FBAEF24A8BDDB00996890 /* ConsciousTests.swift */ = {isa = PBXFileReference; lastKnownFileType = sourcecode.swift; path = ConsciousTests.swift; sourceTree = "<group>"; };
		BF6FBAF124A8BDDB00996890 /* Info.plist */ = {isa = PBXFileReference; lastKnownFileType = text.plist.xml; path = Info.plist; sourceTree = "<group>"; };
		BF6FBAF624A8BDDB00996890 /* ConsciousUITests.xctest */ = {isa = PBXFileReference; explicitFileType = wrapper.cfbundle; includeInIndex = 0; path = ConsciousUITests.xctest; sourceTree = BUILT_PRODUCTS_DIR; };
		BF6FBAFA24A8BDDB00996890 /* ConsciousUITests.swift */ = {isa = PBXFileReference; lastKnownFileType = sourcecode.swift; path = ConsciousUITests.swift; sourceTree = "<group>"; };
		BF6FBAFC24A8BDDB00996890 /* Info.plist */ = {isa = PBXFileReference; lastKnownFileType = text.plist.xml; path = Info.plist; sourceTree = "<group>"; };
		BF6FBB0824A8BE2600996890 /* README.md */ = {isa = PBXFileReference; lastKnownFileType = net.daringfireball.markdown; path = README.md; sourceTree = "<group>"; };
		BF6FBB0924A8BE2600996890 /* PROPOSAL.md */ = {isa = PBXFileReference; lastKnownFileType = net.daringfireball.markdown; path = PROPOSAL.md; sourceTree = "<group>"; };
		BF6FBB0A24A8BF1400996890 /* .gitignore */ = {isa = PBXFileReference; lastKnownFileType = text; path = .gitignore; sourceTree = "<group>"; };
		BF6FBB0B24A8BF2000996890 /* .github */ = {isa = PBXFileReference; lastKnownFileType = folder; path = .github; sourceTree = "<group>"; };
		BF8C30EF2502E0BD00A29425 /* GameHeavyObject.swift */ = {isa = PBXFileReference; lastKnownFileType = sourcecode.swift; path = GameHeavyObject.swift; sourceTree = "<group>"; };
		BF8C30F1250304B700A29425 /* Hacker.sks */ = {isa = PBXFileReference; lastKnownFileType = file.sks; path = Hacker.sks; sourceTree = "<group>"; };
		BFAD1345250285F60074DCBA /* GameLever.swift */ = {isa = PBXFileReference; lastKnownFileType = sourcecode.swift; path = GameLever.swift; sourceTree = "<group>"; };
		BFAD1347250286E20074DCBA /* GameComputer.swift */ = {isa = PBXFileReference; lastKnownFileType = sourcecode.swift; path = GameComputer.swift; sourceTree = "<group>"; };
		BFAD134925028C0F0074DCBA /* GameAlarmClock.swift */ = {isa = PBXFileReference; lastKnownFileType = sourcecode.swift; path = GameAlarmClock.swift; sourceTree = "<group>"; };
		BFAD134B250298970074DCBA /* alarmEnable.wav */ = {isa = PBXFileReference; lastKnownFileType = audio.wav; path = alarmEnable.wav; sourceTree = "<group>"; };
		BFAD134C250298970074DCBA /* alarmDisable.wav */ = {isa = PBXFileReference; lastKnownFileType = audio.wav; path = alarmDisable.wav; sourceTree = "<group>"; };
		BFAD134F2502AFDE0074DCBA /* PressurePlate.swift */ = {isa = PBXFileReference; lastKnownFileType = sourcecode.swift; path = PressurePlate.swift; sourceTree = "<group>"; };
		BFBCA1C52506A883001FFA91 /* Simultaneous.sks */ = {isa = PBXFileReference; lastKnownFileType = file.sks; path = Simultaneous.sks; sourceTree = "<group>"; };
		BFBCA1C72506B0E5001FFA91 /* Swiftly.sks */ = {isa = PBXFileReference; lastKnownFileType = file.sks; path = Swiftly.sks; sourceTree = "<group>"; };
		BFBEB33024F80ACE00162B06 /* Preferences.storyboard */ = {isa = PBXFileReference; lastKnownFileType = file.storyboard; path = Preferences.storyboard; sourceTree = "<group>"; };
		BFBEB33224F8439900162B06 /* Preferences.swift */ = {isa = PBXFileReference; lastKnownFileType = sourcecode.swift; path = Preferences.swift; sourceTree = "<group>"; };
		BFBEB33424F847F600162B06 /* AdvancedPrefsViewController.swift */ = {isa = PBXFileReference; lastKnownFileType = sourcecode.swift; path = AdvancedPrefsViewController.swift; sourceTree = "<group>"; };
		BFC78F3824F486EF004E85A9 /* PlayerCostumeType.swift */ = {isa = PBXFileReference; lastKnownFileType = sourcecode.swift; path = PlayerCostumeType.swift; sourceTree = "<group>"; };
		BFC78F3C24F48731004E85A9 /* Player.swift */ = {isa = PBXFileReference; lastKnownFileType = sourcecode.swift; path = Player.swift; sourceTree = "<group>"; };
		BFD10ED52502CF0400BCDAA9 /* plateOn.wav */ = {isa = PBXFileReference; lastKnownFileType = audio.wav; path = plateOn.wav; sourceTree = "<group>"; };
		BFD10ED62502CF0400BCDAA9 /* plateOff.wav */ = {isa = PBXFileReference; lastKnownFileType = audio.wav; path = plateOff.wav; sourceTree = "<group>"; };
		BFD8795124F5A2FE00552EDD /* Player_Forward_Bird.atlas */ = {isa = PBXFileReference; lastKnownFileType = folder.skatlas; path = Player_Forward_Bird.atlas; sourceTree = "<group>"; };
		BFD8795224F5A2FF00552EDD /* Player_Forward_USB.atlas */ = {isa = PBXFileReference; lastKnownFileType = folder.skatlas; path = Player_Forward_USB.atlas; sourceTree = "<group>"; };
		BFD8795324F5A2FF00552EDD /* Player_Forward_Default.atlas */ = {isa = PBXFileReference; lastKnownFileType = folder.skatlas; path = Player_Forward_Default.atlas; sourceTree = "<group>"; };
		BFD8795424F5A2FF00552EDD /* Player_Forward_Sorceress.atlas */ = {isa = PBXFileReference; lastKnownFileType = folder.skatlas; path = Player_Forward_Sorceress.atlas; sourceTree = "<group>"; };
		BFD8795924F5AE7F00552EDD /* Player_Backward_Bird.atlas */ = {isa = PBXFileReference; lastKnownFileType = folder.skatlas; path = Player_Backward_Bird.atlas; sourceTree = "<group>"; };
		BFD8795A24F5AE7F00552EDD /* Player_Backward_Default.atlas */ = {isa = PBXFileReference; lastKnownFileType = folder.skatlas; path = Player_Backward_Default.atlas; sourceTree = "<group>"; };
		BFD8795D24F5B60900552EDD /* GameSetup.swift */ = {isa = PBXFileReference; lastKnownFileType = sourcecode.swift; path = GameSetup.swift; sourceTree = "<group>"; };
		BFD8795F24F5B61D00552EDD /* GameTileType.swift */ = {isa = PBXFileReference; lastKnownFileType = sourcecode.swift; path = GameTileType.swift; sourceTree = "<group>"; };
		BFD8796224F5C63C00552EDD /* Player_Backward_USB.atlas */ = {isa = PBXFileReference; lastKnownFileType = folder.skatlas; path = Player_Backward_USB.atlas; sourceTree = "<group>"; };
		BFD8796424F5C68700552EDD /* Animations.swift */ = {isa = PBXFileReference; lastKnownFileType = sourcecode.swift; path = Animations.swift; sourceTree = "<group>"; };
		BFD8796E24F5CA4000552EDD /* Player_Backward_Sorceress.atlas */ = {isa = PBXFileReference; lastKnownFileType = folder.skatlas; path = Player_Backward_Sorceress.atlas; sourceTree = "<group>"; };
		BFD8797024F5D8BB00552EDD /* Player_Side_Default.atlas */ = {isa = PBXFileReference; lastKnownFileType = folder.skatlas; path = Player_Side_Default.atlas; sourceTree = "<group>"; };
		BFD8797224F5DE3E00552EDD /* Player_Side_Sorceress.atlas */ = {isa = PBXFileReference; lastKnownFileType = folder.skatlas; path = Player_Side_Sorceress.atlas; sourceTree = "<group>"; };
		BFD8797324F5DE3E00552EDD /* Player_Side_USB.atlas */ = {isa = PBXFileReference; lastKnownFileType = folder.skatlas; path = Player_Side_USB.atlas; sourceTree = "<group>"; };
		BFD8797424F5DE3E00552EDD /* Player_Side_Bird.atlas */ = {isa = PBXFileReference; lastKnownFileType = folder.skatlas; path = Player_Side_Bird.atlas; sourceTree = "<group>"; };
		BFD8797824F5FDA800552EDD /* CGVector.swift */ = {isa = PBXFileReference; lastKnownFileType = sourcecode.swift; path = CGVector.swift; sourceTree = "<group>"; };
		BFDBE7AD24F955EE00FD75BF /* GameKit.framework */ = {isa = PBXFileReference; lastKnownFileType = wrapper.framework; name = GameKit.framework; path = System/Library/Frameworks/GameKit.framework; sourceTree = SDKROOT; };
		BFDF94E52507FE42004F5BE7 /* GameAchievementTrigger.swift */ = {isa = PBXFileReference; lastKnownFileType = sourcecode.swift; path = GameAchievementTrigger.swift; sourceTree = "<group>"; };
		BFDF94E725080C3D004F5BE7 /* Boundary.sks */ = {isa = PBXFileReference; lastKnownFileType = file.sks; path = Boundary.sks; sourceTree = "<group>"; };
		BFDF94E925084600004F5BE7 /* Rushed.sks */ = {isa = PBXFileReference; lastKnownFileType = file.sks; path = Rushed.sks; sourceTree = "<group>"; };
		BFE6475324F8853800230F93 /* OFL.txt */ = {isa = PBXFileReference; fileEncoding = 4; lastKnownFileType = text; path = OFL.txt; sourceTree = "<group>"; };
		BFE6475524F88B1300230F93 /* SwitchRequisite.swift */ = {isa = PBXFileReference; lastKnownFileType = sourcecode.swift; path = SwitchRequisite.swift; sourceTree = "<group>"; };
		BFE6475724F8B03500230F93 /* MenuTileset.sks */ = {isa = PBXFileReference; lastKnownFileType = file.sks; path = MenuTileset.sks; sourceTree = "<group>"; };
		BFED62B824F5814B00BB6AA2 /* PlayerMoveDirection.swift */ = {isa = PBXFileReference; lastKnownFileType = sourcecode.swift; path = PlayerMoveDirection.swift; sourceTree = "<group>"; };
		BFED62BF24F5954000BB6AA2 /* Player_Change.atlas */ = {isa = PBXFileReference; lastKnownFileType = folder.skatlas; path = Player_Change.atlas; sourceTree = "<group>"; };
		BFEE78C224FBF1FC006FBFF0 /* GameAchievments.swift */ = {isa = PBXFileReference; lastKnownFileType = sourcecode.swift; path = GameAchievments.swift; sourceTree = "<group>"; };
		BFEE78C424FBFDB4006FBFF0 /* PauseScene.swift */ = {isa = PBXFileReference; lastKnownFileType = sourcecode.swift; path = PauseScene.swift; sourceTree = "<group>"; };
		BFEE78C624FC04EC006FBFF0 /* PauseMenu.sks */ = {isa = PBXFileReference; lastKnownFileType = file.sks; path = PauseMenu.sks; sourceTree = "<group>"; };
		BFEE78C824FC1E61006FBFF0 /* LICENSE.txt */ = {isa = PBXFileReference; lastKnownFileType = text; path = LICENSE.txt; sourceTree = "<group>"; };
		BFFF892A24F93F6A00D405CC /* MenuContent.plist */ = {isa = PBXFileReference; lastKnownFileType = text.plist.xml; path = MenuContent.plist; sourceTree = "<group>"; };
		BFFF892B24F93FF800D405CC /* PropertyLists.swift */ = {isa = PBXFileReference; lastKnownFileType = sourcecode.swift; path = PropertyLists.swift; sourceTree = "<group>"; };
/* End PBXFileReference section */

/* Begin PBXFrameworksBuildPhase section */
		BF6FBAD024A8BDD400996890 /* Frameworks */ = {
			isa = PBXFrameworksBuildPhase;
			buildActionMask = 2147483647;
			files = (
				BFDBE7AE24F955EE00FD75BF /* GameKit.framework in Frameworks */,
				BF0D2C1C24FADC4E00AEF86F /* KeyboardShortcuts in Frameworks */,
			);
			runOnlyForDeploymentPostprocessing = 0;
		};
		BF6FBAE824A8BDDB00996890 /* Frameworks */ = {
			isa = PBXFrameworksBuildPhase;
			buildActionMask = 2147483647;
			files = (
			);
			runOnlyForDeploymentPostprocessing = 0;
		};
		BF6FBAF324A8BDDB00996890 /* Frameworks */ = {
			isa = PBXFrameworksBuildPhase;
			buildActionMask = 2147483647;
			files = (
			);
			runOnlyForDeploymentPostprocessing = 0;
		};
/* End PBXFrameworksBuildPhase section */

/* Begin PBXGroup section */
		BF3A0B7024F6B71200575F72 /* Structs */ = {
			isa = PBXGroup;
			children = (
				BF3A0B7124F6B72300575F72 /* LevelDataConfiguration.swift */,
				BFBEB33224F8439900162B06 /* Preferences.swift */,
				BFE6475524F88B1300230F93 /* SwitchRequisite.swift */,
				BF109CDA24FB26FB00F06E47 /* Store.swift */,
				BF1A59412500155A000929CF /* TilemapParseData.swift */,
				BF2B5E4625016CFB001EC2E7 /* CommandLineArguments.swift */,
			);
			path = Structs;
			sourceTree = "<group>";
		};
		BF3A0B7324F6C41E00575F72 /* SFX */ = {
			isa = PBXGroup;
			children = (
				BFAD134C250298970074DCBA /* alarmDisable.wav */,
				BFAD134B250298970074DCBA /* alarmEnable.wav */,
				BF153F8F24FC3DF3007B20B4 /* cantUse.wav */,
				BF3A0B7424F6C42500575F72 /* changeCostume.wav */,
				BF153F9024FC3DF3007B20B4 /* computerPowerOn.wav */,
				BF153F8E24FC3DF3007B20B4 /* leverToggle.wav */,
				BFD10ED62502CF0400BCDAA9 /* plateOff.wav */,
				BFD10ED52502CF0400BCDAA9 /* plateOn.wav */,
			);
			path = SFX;
			sourceTree = "<group>";
		};
		BF3A0B7624F6C44C00575F72 /* Metadata */ = {
			isa = PBXGroup;
			children = (
				BF6FBAE624A8BDDB00996890 /* Conscious.entitlements */,
				BF6FBAE524A8BDDB00996890 /* Info.plist */,
				BFFF892A24F93F6A00D405CC /* MenuContent.plist */,
			);
			path = Metadata;
			sourceTree = "<group>";
		};
		BF3A0B7D24F6D4E500575F72 /* Protocols */ = {
			isa = PBXGroup;
			children = (
				BF3A0B7724F6CB0C00575F72 /* GameSignalReceivable.swift */,
			);
			path = Protocols;
			sourceTree = "<group>";
		};
		BF3A0B8224F7044500575F72 /* Environment */ = {
			isa = PBXGroup;
			children = (
				BF3A0B7924F6CB4D00575F72 /* GameSignalSender.swift */,
				BF3A0B8324F7046900575F72 /* DoorReceiver.swift */,
				BFAD1345250285F60074DCBA /* GameLever.swift */,
				BFAD1347250286E20074DCBA /* GameComputer.swift */,
				BFAD134925028C0F0074DCBA /* GameAlarmClock.swift */,
				BFAD134F2502AFDE0074DCBA /* PressurePlate.swift */,
				BF8C30EF2502E0BD00A29425 /* GameHeavyObject.swift */,
				BFDF94E52507FE42004F5BE7 /* GameAchievementTrigger.swift */,
			);
			path = Environment;
			sourceTree = "<group>";
		};
		BF3A0B8724F7339900575F72 /* Assets */ = {
			isa = PBXGroup;
			children = (
				BF6FBAE024A8BDDB00996890 /* Assets.xcassets */,
				BF3A0B8824F733AE00575F72 /* Fonts */,
				BF3A0B7324F6C41E00575F72 /* SFX */,
				BFD8795024F5A2E600552EDD /* Texture Atlases */,
				BF2514B424F45DB8000300B7 /* Tileset.sks */,
				BFE6475724F8B03500230F93 /* MenuTileset.sks */,
			);
			path = Assets;
			sourceTree = "<group>";
		};
		BF3A0B8824F733AE00575F72 /* Fonts */ = {
			isa = PBXGroup;
			children = (
				BFE6475324F8853800230F93 /* OFL.txt */,
				BF3A0B8924F733C400575F72 /* Cabin-Regular.ttf */,
				BF3A0B8B24F733EE00575F72 /* DancingScript-VariableFont_wght.ttf */,
			);
			path = Fonts;
			sourceTree = "<group>";
		};
		BF3A0B9124F743CD00575F72 /* Scenes */ = {
			isa = PBXGroup;
			children = (
				BF6FBADC24A8BDD400996890 /* GameScene.swift */,
				BF3A0B8F24F7355200575F72 /* MainMenu.swift */,
				BFEE78C424FBFDB4006FBFF0 /* PauseScene.swift */,
				BF6B98E424FDD36A00A206FF /* Intro.swift */,
			);
			path = Scenes;
			sourceTree = "<group>";
		};
		BF4A451C2501B563008BDD5A /* Interfaces */ = {
			isa = PBXGroup;
			children = (
				BF3A0B8024F703F400575F72 /* MainMenu.sks */,
				BFEE78C624FC04EC006FBFF0 /* PauseMenu.sks */,
				BF6B98E224FDD03900A206FF /* Intro.sks */,
			);
			path = Interfaces;
			sourceTree = "<group>";
		};
		BF4A451D2501B575008BDD5A /* Levels */ = {
			isa = PBXGroup;
			children = (
				BF4A451E2501B683008BDD5A /* Entry.sks */,
				BF8C30F1250304B700A29425 /* Hacker.sks */,
				BFBCA1C52506A883001FFA91 /* Simultaneous.sks */,
				BFBCA1C72506B0E5001FFA91 /* Swiftly.sks */,
				BFDF94E725080C3D004F5BE7 /* Boundary.sks */,
				BFDF94E925084600004F5BE7 /* Rushed.sks */,
			);
			path = Levels;
			sourceTree = "<group>";
		};
		BF69F2C124F4B10100BBF518 /* Utilities */ = {
			isa = PBXGroup;
			children = (
				BF69F2C224F4B11200BBF518 /* Alerts.swift */,
				BFD8795D24F5B60900552EDD /* GameSetup.swift */,
				BFD8796424F5C68700552EDD /* Animations.swift */,
				BFD8797824F5FDA800552EDD /* CGVector.swift */,
				BF3A0B8524F70B8900575F72 /* GameSceneUtils.swift */,
				BFFF892B24F93FF800D405CC /* PropertyLists.swift */,
				BF0D2C1D24FADD1F00AEF86F /* Keyboard.swift */,
				BF109CDC24FB31F400F06E47 /* Achievements.swift */,
				BF1A593F250014BD000929CF /* Tilemaps.swift */,
				BF2B5E4825016D2D001EC2E7 /* Arguments.swift */,
			);
			path = Utilities;
			sourceTree = "<group>";
		};
		BF6FBACA24A8BDD400996890 = {
			isa = PBXGroup;
			children = (
				BF6FBAD524A8BDD400996890 /* Conscious */,
				BF6FBAEE24A8BDDB00996890 /* ConsciousTests */,
				BF6FBAF924A8BDDB00996890 /* ConsciousUITests */,
				BFD8796124F5BA8A00552EDD /* Metadata */,
				BF6FBAD424A8BDD400996890 /* Products */,
				BFDBE7AC24F955EE00FD75BF /* Frameworks */,
			);
			sourceTree = "<group>";
		};
		BF6FBAD424A8BDD400996890 /* Products */ = {
			isa = PBXGroup;
			children = (
				BF6FBAD324A8BDD400996890 /* The Costumemaster.app */,
				BF6FBAEB24A8BDDB00996890 /* ConsciousTests.xctest */,
				BF6FBAF624A8BDDB00996890 /* ConsciousUITests.xctest */,
			);
			name = Products;
			sourceTree = "<group>";
		};
		BF6FBAD524A8BDD400996890 /* Conscious */ = {
			isa = PBXGroup;
			children = (
				BF3A0B8724F7339900575F72 /* Assets */,
				BF7DFDCD24F41E48008D09AA /* Classes */,
				BFC78F3724F486DC004E85A9 /* Enums */,
				BF3A0B7624F6C44C00575F72 /* Metadata */,
				BF3A0B7D24F6D4E500575F72 /* Protocols */,
				BF7DFDCC24F41E3F008D09AA /* Scenes */,
				BFBEB32F24F80AB200162B06 /* Storyboards */,
				BF3A0B7024F6B71200575F72 /* Structs */,
				BF69F2C124F4B10100BBF518 /* Utilities */,
			);
			path = Conscious;
			sourceTree = "<group>";
		};
		BF6FBAEE24A8BDDB00996890 /* ConsciousTests */ = {
			isa = PBXGroup;
			children = (
				BF6FBAEF24A8BDDB00996890 /* ConsciousTests.swift */,
				BF6FBAF124A8BDDB00996890 /* Info.plist */,
			);
			path = ConsciousTests;
			sourceTree = "<group>";
		};
		BF6FBAF924A8BDDB00996890 /* ConsciousUITests */ = {
			isa = PBXGroup;
			children = (
				BF6FBAFA24A8BDDB00996890 /* ConsciousUITests.swift */,
				BF6FBAFC24A8BDDB00996890 /* Info.plist */,
			);
			path = ConsciousUITests;
			sourceTree = "<group>";
		};
		BF7DFDCC24F41E3F008D09AA /* Scenes */ = {
			isa = PBXGroup;
			children = (
				BF4A451D2501B575008BDD5A /* Levels */,
				BF4A451C2501B563008BDD5A /* Interfaces */,
			);
			path = Scenes;
			sourceTree = "<group>";
		};
		BF7DFDCD24F41E48008D09AA /* Classes */ = {
			isa = PBXGroup;
			children = (
				BFC78F3A24F48715004E85A9 /* App */,
				BFC78F3B24F48726004E85A9 /* Game Logic */,
				BF3A0B9124F743CD00575F72 /* Scenes */,
			);
			path = Classes;
			sourceTree = "<group>";
		};
		BFBEB32F24F80AB200162B06 /* Storyboards */ = {
			isa = PBXGroup;
			children = (
				BF6FBAE224A8BDDB00996890 /* Main.storyboard */,
				BFBEB33024F80ACE00162B06 /* Preferences.storyboard */,
			);
			path = Storyboards;
			sourceTree = "<group>";
		};
		BFBEB33624F8481C00162B06 /* Preferences */ = {
			isa = PBXGroup;
			children = (
				BFBEB33424F847F600162B06 /* AdvancedPrefsViewController.swift */,
				BF63E65824F84B2000429247 /* PreferencesViewController.swift */,
				BF63E65A24F84BAC00429247 /* GeneralPrefsViewController.swift */,
				BF0D2C1F24FAE86B00AEF86F /* ControlsPrefsViewController.swift */,
				BF109CD624FAFD6F00F06E47 /* PreferencesWindowController.swift */,
			);
			path = Preferences;
			sourceTree = "<group>";
		};
		BFC78F3724F486DC004E85A9 /* Enums */ = {
			isa = PBXGroup;
			children = (
				BFC78F3824F486EF004E85A9 /* PlayerCostumeType.swift */,
				BFED62B824F5814B00BB6AA2 /* PlayerMoveDirection.swift */,
				BFD8795F24F5B61D00552EDD /* GameTileType.swift */,
				BF3A0B7B24F6CB9900575F72 /* GameSignalMethod.swift */,
				BF3A0B7E24F6EB4900575F72 /* GameSignalInputMethod.swift */,
				BF109CD824FB20B400F06E47 /* GameSignalKind.swift */,
				BFEE78C224FBF1FC006FBFF0 /* GameAchievments.swift */,
			);
			path = Enums;
			sourceTree = "<group>";
		};
		BFC78F3A24F48715004E85A9 /* App */ = {
			isa = PBXGroup;
			children = (
				BFBEB33624F8481C00162B06 /* Preferences */,
				BF6FBAD624A8BDD400996890 /* AppDelegate.swift */,
				BF6FBADE24A8BDD400996890 /* ViewController.swift */,
			);
			path = App;
			sourceTree = "<group>";
		};
		BFC78F3B24F48726004E85A9 /* Game Logic */ = {
			isa = PBXGroup;
			children = (
				BF3A0B8224F7044500575F72 /* Environment */,
				BFC78F3C24F48731004E85A9 /* Player.swift */,
			);
			path = "Game Logic";
			sourceTree = "<group>";
		};
		BFD8795024F5A2E600552EDD /* Texture Atlases */ = {
			isa = PBXGroup;
			children = (
				BFD8797424F5DE3E00552EDD /* Player_Side_Bird.atlas */,
				BFD8797224F5DE3E00552EDD /* Player_Side_Sorceress.atlas */,
				BFD8797324F5DE3E00552EDD /* Player_Side_USB.atlas */,
				BFD8797024F5D8BB00552EDD /* Player_Side_Default.atlas */,
				BFED62BF24F5954000BB6AA2 /* Player_Change.atlas */,
				BFD8795924F5AE7F00552EDD /* Player_Backward_Bird.atlas */,
				BFD8795A24F5AE7F00552EDD /* Player_Backward_Default.atlas */,
				BFD8796E24F5CA4000552EDD /* Player_Backward_Sorceress.atlas */,
				BFD8796224F5C63C00552EDD /* Player_Backward_USB.atlas */,
				BFD8795124F5A2FE00552EDD /* Player_Forward_Bird.atlas */,
				BFD8795324F5A2FF00552EDD /* Player_Forward_Default.atlas */,
				BFD8795424F5A2FF00552EDD /* Player_Forward_Sorceress.atlas */,
				BFD8795224F5A2FF00552EDD /* Player_Forward_USB.atlas */,
			);
			path = "Texture Atlases";
			sourceTree = "<group>";
		};
		BFD8796124F5BA8A00552EDD /* Metadata */ = {
			isa = PBXGroup;
			children = (
				BF6FBB0B24A8BF2000996890 /* .github */,
				BF6FBB0A24A8BF1400996890 /* .gitignore */,
				BF6FBB0824A8BE2600996890 /* README.md */,
				BF6FBB0924A8BE2600996890 /* PROPOSAL.md */,
				BFEE78C824FC1E61006FBFF0 /* LICENSE.txt */,
			);
			name = Metadata;
			sourceTree = "<group>";
		};
		BFDBE7AC24F955EE00FD75BF /* Frameworks */ = {
			isa = PBXGroup;
			children = (
				BFDBE7AD24F955EE00FD75BF /* GameKit.framework */,
			);
			name = Frameworks;
			sourceTree = "<group>";
		};
/* End PBXGroup section */

/* Begin PBXNativeTarget section */
		BF6FBAD224A8BDD400996890 /* Costumemaster */ = {
			isa = PBXNativeTarget;
			buildConfigurationList = BF6FBAFF24A8BDDB00996890 /* Build configuration list for PBXNativeTarget "Costumemaster" */;
			buildPhases = (
				BFED62BE24F5930600BB6AA2 /* Autocorrect with SwiftLint */,
				BFED62BC24F5907B00BB6AA2 /* Run SwiftLint */,
				BF6FBACF24A8BDD400996890 /* Sources */,
				BF6FBAD024A8BDD400996890 /* Frameworks */,
				BF6FBAD124A8BDD400996890 /* Resources */,
			);
			buildRules = (
			);
			dependencies = (
			);
			name = Costumemaster;
			packageProductDependencies = (
				BF0D2C1B24FADC4E00AEF86F /* KeyboardShortcuts */,
			);
			productName = Conscious;
			productReference = BF6FBAD324A8BDD400996890 /* The Costumemaster.app */;
			productType = "com.apple.product-type.application";
		};
		BF6FBAEA24A8BDDB00996890 /* ConsciousTests */ = {
			isa = PBXNativeTarget;
			buildConfigurationList = BF6FBB0224A8BDDB00996890 /* Build configuration list for PBXNativeTarget "ConsciousTests" */;
			buildPhases = (
				BF6FBAE724A8BDDB00996890 /* Sources */,
				BF6FBAE824A8BDDB00996890 /* Frameworks */,
				BF6FBAE924A8BDDB00996890 /* Resources */,
			);
			buildRules = (
			);
			dependencies = (
				BF6FBAED24A8BDDB00996890 /* PBXTargetDependency */,
			);
			name = ConsciousTests;
			productName = ConsciousTests;
			productReference = BF6FBAEB24A8BDDB00996890 /* ConsciousTests.xctest */;
			productType = "com.apple.product-type.bundle.unit-test";
		};
		BF6FBAF524A8BDDB00996890 /* ConsciousUITests */ = {
			isa = PBXNativeTarget;
			buildConfigurationList = BF6FBB0524A8BDDB00996890 /* Build configuration list for PBXNativeTarget "ConsciousUITests" */;
			buildPhases = (
				BF6FBAF224A8BDDB00996890 /* Sources */,
				BF6FBAF324A8BDDB00996890 /* Frameworks */,
				BF6FBAF424A8BDDB00996890 /* Resources */,
			);
			buildRules = (
			);
			dependencies = (
				BF6FBAF824A8BDDB00996890 /* PBXTargetDependency */,
			);
			name = ConsciousUITests;
			productName = ConsciousUITests;
			productReference = BF6FBAF624A8BDDB00996890 /* ConsciousUITests.xctest */;
			productType = "com.apple.product-type.bundle.ui-testing";
		};
/* End PBXNativeTarget section */

/* Begin PBXProject section */
		BF6FBACB24A8BDD400996890 /* Project object */ = {
			isa = PBXProject;
			attributes = {
				LastSwiftUpdateCheck = 1200;
				LastUpgradeCheck = 1200;
				TargetAttributes = {
					BF6FBAD224A8BDD400996890 = {
						CreatedOnToolsVersion = 12.0;
					};
					BF6FBAEA24A8BDDB00996890 = {
						CreatedOnToolsVersion = 12.0;
						TestTargetID = BF6FBAD224A8BDD400996890;
					};
					BF6FBAF524A8BDDB00996890 = {
						CreatedOnToolsVersion = 12.0;
						TestTargetID = BF6FBAD224A8BDD400996890;
					};
				};
			};
			buildConfigurationList = BF6FBACE24A8BDD400996890 /* Build configuration list for PBXProject "Conscious" */;
			compatibilityVersion = "Xcode 10.0";
			developmentRegion = en;
			hasScannedForEncodings = 0;
			knownRegions = (
				en,
				Base,
			);
			mainGroup = BF6FBACA24A8BDD400996890;
			packageReferences = (
				BF0D2C1A24FADC4E00AEF86F /* XCRemoteSwiftPackageReference "KeyboardShortcuts" */,
			);
			productRefGroup = BF6FBAD424A8BDD400996890 /* Products */;
			projectDirPath = "";
			projectRoot = "";
			targets = (
				BF6FBAD224A8BDD400996890 /* Costumemaster */,
				BF6FBAEA24A8BDDB00996890 /* ConsciousTests */,
				BF6FBAF524A8BDDB00996890 /* ConsciousUITests */,
			);
		};
/* End PBXProject section */

/* Begin PBXResourcesBuildPhase section */
		BF6FBAD124A8BDD400996890 /* Resources */ = {
			isa = PBXResourcesBuildPhase;
			buildActionMask = 2147483647;
			files = (
				BF6B98E324FDD03900A206FF /* Intro.sks in Resources */,
				BFFF892D24F943E400D405CC /* MenuContent.plist in Resources */,
				BF2514B524F45DB8000300B7 /* Tileset.sks in Resources */,
				BFD8797124F5D8BB00552EDD /* Player_Side_Default.atlas in Resources */,
				BFE6475824F8B03500230F93 /* MenuTileset.sks in Resources */,
				BFD8795724F5A2FF00552EDD /* Player_Forward_Default.atlas in Resources */,
				BFAD134E250298970074DCBA /* alarmDisable.wav in Resources */,
				BFED62C024F5954000BB6AA2 /* Player_Change.atlas in Resources */,
				BFD8796F24F5CA4000552EDD /* Player_Backward_Sorceress.atlas in Resources */,
				BFD8797624F5DE3E00552EDD /* Player_Side_USB.atlas in Resources */,
				BFE6475424F8853800230F93 /* OFL.txt in Resources */,
				BF8C30F2250304B700A29425 /* Hacker.sks in Resources */,
				BFBCA1C62506A883001FFA91 /* Simultaneous.sks in Resources */,
				BFEE78C724FC04EC006FBFF0 /* PauseMenu.sks in Resources */,
				BFD10ED72502CF0400BCDAA9 /* plateOn.wav in Resources */,
				BF153F9224FC3DF3007B20B4 /* cantUse.wav in Resources */,
				BFD8797724F5DE3E00552EDD /* Player_Side_Bird.atlas in Resources */,
				BFDF94E825080C3D004F5BE7 /* Boundary.sks in Resources */,
				BFD8795C24F5AE7F00552EDD /* Player_Backward_Default.atlas in Resources */,
				BFDF94EA25084600004F5BE7 /* Rushed.sks in Resources */,
				BF3A0B8A24F733C400575F72 /* Cabin-Regular.ttf in Resources */,
				BF153F9124FC3DF3007B20B4 /* leverToggle.wav in Resources */,
				BF3A0B8C24F733F300575F72 /* DancingScript-VariableFont_wght.ttf in Resources */,
				BFBCA1C82506B0E5001FFA91 /* Swiftly.sks in Resources */,
				BF3A0B7524F6C42500575F72 /* changeCostume.wav in Resources */,
				BFD8795B24F5AE7F00552EDD /* Player_Backward_Bird.atlas in Resources */,
				BFD8797524F5DE3E00552EDD /* Player_Side_Sorceress.atlas in Resources */,
				BFD10ED82502CF0400BCDAA9 /* plateOff.wav in Resources */,
				BF4A451F2501B683008BDD5A /* Entry.sks in Resources */,
				BFBEB33124F80ACE00162B06 /* Preferences.storyboard in Resources */,
				BFD8795524F5A2FF00552EDD /* Player_Forward_Bird.atlas in Resources */,
				BF153F9324FC3DF3007B20B4 /* computerPowerOn.wav in Resources */,
				BF3A0B8124F703F400575F72 /* MainMenu.sks in Resources */,
				BF6FBAE124A8BDDB00996890 /* Assets.xcassets in Resources */,
				BF6FBAE424A8BDDB00996890 /* Main.storyboard in Resources */,
				BFD8796324F5C63C00552EDD /* Player_Backward_USB.atlas in Resources */,
				BFD8795824F5A2FF00552EDD /* Player_Forward_Sorceress.atlas in Resources */,
				BFD8795624F5A2FF00552EDD /* Player_Forward_USB.atlas in Resources */,
				BFAD134D250298970074DCBA /* alarmEnable.wav in Resources */,
			);
			runOnlyForDeploymentPostprocessing = 0;
		};
		BF6FBAE924A8BDDB00996890 /* Resources */ = {
			isa = PBXResourcesBuildPhase;
			buildActionMask = 2147483647;
			files = (
			);
			runOnlyForDeploymentPostprocessing = 0;
		};
		BF6FBAF424A8BDDB00996890 /* Resources */ = {
			isa = PBXResourcesBuildPhase;
			buildActionMask = 2147483647;
			files = (
			);
			runOnlyForDeploymentPostprocessing = 0;
		};
/* End PBXResourcesBuildPhase section */

/* Begin PBXShellScriptBuildPhase section */
		BFED62BC24F5907B00BB6AA2 /* Run SwiftLint */ = {
			isa = PBXShellScriptBuildPhase;
			buildActionMask = 2147483647;
			files = (
			);
			inputFileListPaths = (
			);
			inputPaths = (
			);
			name = "Run SwiftLint";
			outputFileListPaths = (
			);
			outputPaths = (
			);
			runOnlyForDeploymentPostprocessing = 0;
			shellPath = /bin/sh;
			shellScript = "# Type a script or drag a script file from your workspace to insert its path.\nif [ \"${CONFIGURATION}\" = \"Debug\" ]; then\n    if which swiftlint >/dev/null; then\n        swiftlint --config \"$SRCROOT/.swiftlint.yml\"\n    fi\nfi\n";
		};
		BFED62BE24F5930600BB6AA2 /* Autocorrect with SwiftLint */ = {
			isa = PBXShellScriptBuildPhase;
			buildActionMask = 2147483647;
			files = (
			);
			inputFileListPaths = (
			);
			inputPaths = (
			);
			name = "Autocorrect with SwiftLint";
			outputFileListPaths = (
			);
			outputPaths = (
			);
			runOnlyForDeploymentPostprocessing = 0;
			shellPath = /bin/sh;
			shellScript = "# Type a script or drag a script file from your workspace to insert its path.\n# Type a script or drag a script file from your workspace to insert its path.\nif [ \"${CONFIGURATION}\" = \"Debug\" ]; then\n    if which swiftlint >/dev/null; then\n        swiftlint autocorrect\n    fi\nfi\n";
		};
/* End PBXShellScriptBuildPhase section */

/* Begin PBXSourcesBuildPhase section */
		BF6FBACF24A8BDD400996890 /* Sources */ = {
			isa = PBXSourcesBuildPhase;
			buildActionMask = 2147483647;
			files = (
				BF3A0B7824F6CB0C00575F72 /* GameSignalReceivable.swift in Sources */,
				BFEE78C324FBF1FC006FBFF0 /* GameAchievments.swift in Sources */,
				BF109CD924FB20B400F06E47 /* GameSignalKind.swift in Sources */,
				BF6FBADF24A8BDD400996890 /* ViewController.swift in Sources */,
				BFAD1346250285F60074DCBA /* GameLever.swift in Sources */,
				BF2B5E4925016D2D001EC2E7 /* Arguments.swift in Sources */,
				BFBEB33324F8439900162B06 /* Preferences.swift in Sources */,
				BFC78F3924F486EF004E85A9 /* PlayerCostumeType.swift in Sources */,
				BF6FBADD24A8BDD400996890 /* GameScene.swift in Sources */,
				BFE6475624F88B1300230F93 /* SwitchRequisite.swift in Sources */,
				BFBEB33524F847F600162B06 /* AdvancedPrefsViewController.swift in Sources */,
				BFC78F3D24F48731004E85A9 /* Player.swift in Sources */,
				BF1A59422500155A000929CF /* TilemapParseData.swift in Sources */,
				BFD8796024F5B61D00552EDD /* GameTileType.swift in Sources */,
				BFAD1348250286E20074DCBA /* GameComputer.swift in Sources */,
				BFEE78C524FBFDB4006FBFF0 /* PauseScene.swift in Sources */,
				BF3A0B7224F6B72300575F72 /* LevelDataConfiguration.swift in Sources */,
				BFAD13502502AFDE0074DCBA /* PressurePlate.swift in Sources */,
				BFDF94E62507FE42004F5BE7 /* GameAchievementTrigger.swift in Sources */,
				BF0D2C2024FAE86B00AEF86F /* ControlsPrefsViewController.swift in Sources */,
				BF3A0B9024F7355200575F72 /* MainMenu.swift in Sources */,
				BF69F2C324F4B11200BBF518 /* Alerts.swift in Sources */,
				BFD8796524F5C68700552EDD /* Animations.swift in Sources */,
				BF8C30F02502E0BD00A29425 /* GameHeavyObject.swift in Sources */,
				BF1A5940250014BD000929CF /* Tilemaps.swift in Sources */,
				BF109CDB24FB26FB00F06E47 /* Store.swift in Sources */,
				BF2B5E4725016CFB001EC2E7 /* CommandLineArguments.swift in Sources */,
				BF3A0B7C24F6CB9900575F72 /* GameSignalMethod.swift in Sources */,
				BF3A0B8624F70B8900575F72 /* GameSceneUtils.swift in Sources */,
				BF109CDD24FB31F400F06E47 /* Achievements.swift in Sources */,
				BF3A0B8424F7046900575F72 /* DoorReceiver.swift in Sources */,
				BFD8795E24F5B60900552EDD /* GameSetup.swift in Sources */,
				BF109CD724FAFD6F00F06E47 /* PreferencesWindowController.swift in Sources */,
				BF6B98E524FDD36A00A206FF /* Intro.swift in Sources */,
				BF3A0B7A24F6CB4D00575F72 /* GameSignalSender.swift in Sources */,
				BF0D2C1E24FADD1F00AEF86F /* Keyboard.swift in Sources */,
				BFED62B924F5814B00BB6AA2 /* PlayerMoveDirection.swift in Sources */,
				BF6FBAD724A8BDD400996890 /* AppDelegate.swift in Sources */,
				BFD8797924F5FDA800552EDD /* CGVector.swift in Sources */,
				BFAD134A25028C0F0074DCBA /* GameAlarmClock.swift in Sources */,
				BF3A0B7F24F6EB4900575F72 /* GameSignalInputMethod.swift in Sources */,
				BF63E65B24F84BAC00429247 /* GeneralPrefsViewController.swift in Sources */,
				BF63E65924F84B2000429247 /* PreferencesViewController.swift in Sources */,
				BFFF892C24F93FF800D405CC /* PropertyLists.swift in Sources */,
			);
			runOnlyForDeploymentPostprocessing = 0;
		};
		BF6FBAE724A8BDDB00996890 /* Sources */ = {
			isa = PBXSourcesBuildPhase;
			buildActionMask = 2147483647;
			files = (
				BF6FBAF024A8BDDB00996890 /* ConsciousTests.swift in Sources */,
			);
			runOnlyForDeploymentPostprocessing = 0;
		};
		BF6FBAF224A8BDDB00996890 /* Sources */ = {
			isa = PBXSourcesBuildPhase;
			buildActionMask = 2147483647;
			files = (
				BF6FBAFB24A8BDDB00996890 /* ConsciousUITests.swift in Sources */,
			);
			runOnlyForDeploymentPostprocessing = 0;
		};
/* End PBXSourcesBuildPhase section */

/* Begin PBXTargetDependency section */
		BF6FBAED24A8BDDB00996890 /* PBXTargetDependency */ = {
			isa = PBXTargetDependency;
			target = BF6FBAD224A8BDD400996890 /* Costumemaster */;
			targetProxy = BF6FBAEC24A8BDDB00996890 /* PBXContainerItemProxy */;
		};
		BF6FBAF824A8BDDB00996890 /* PBXTargetDependency */ = {
			isa = PBXTargetDependency;
			target = BF6FBAD224A8BDD400996890 /* Costumemaster */;
			targetProxy = BF6FBAF724A8BDDB00996890 /* PBXContainerItemProxy */;
		};
/* End PBXTargetDependency section */

/* Begin PBXVariantGroup section */
		BF6FBAE224A8BDDB00996890 /* Main.storyboard */ = {
			isa = PBXVariantGroup;
			children = (
				BF6FBAE324A8BDDB00996890 /* Base */,
			);
			name = Main.storyboard;
			sourceTree = "<group>";
		};
/* End PBXVariantGroup section */

/* Begin XCBuildConfiguration section */
		BF6FBAFD24A8BDDB00996890 /* Debug */ = {
			isa = XCBuildConfiguration;
			buildSettings = {
				ALWAYS_SEARCH_USER_PATHS = NO;
				CLANG_ANALYZER_NONNULL = YES;
				CLANG_ANALYZER_NUMBER_OBJECT_CONVERSION = YES_AGGRESSIVE;
				CLANG_CXX_LANGUAGE_STANDARD = "gnu++14";
				CLANG_CXX_LIBRARY = "libc++";
				CLANG_ENABLE_MODULES = YES;
				CLANG_ENABLE_OBJC_ARC = YES;
				CLANG_ENABLE_OBJC_WEAK = YES;
				CLANG_WARN_BLOCK_CAPTURE_AUTORELEASING = YES;
				CLANG_WARN_BOOL_CONVERSION = YES;
				CLANG_WARN_COMMA = YES;
				CLANG_WARN_CONSTANT_CONVERSION = YES;
				CLANG_WARN_DEPRECATED_OBJC_IMPLEMENTATIONS = YES;
				CLANG_WARN_DIRECT_OBJC_ISA_USAGE = YES_ERROR;
				CLANG_WARN_DOCUMENTATION_COMMENTS = YES;
				CLANG_WARN_EMPTY_BODY = YES;
				CLANG_WARN_ENUM_CONVERSION = YES;
				CLANG_WARN_INFINITE_RECURSION = YES;
				CLANG_WARN_INT_CONVERSION = YES;
				CLANG_WARN_NON_LITERAL_NULL_CONVERSION = YES;
				CLANG_WARN_OBJC_IMPLICIT_RETAIN_SELF = YES;
				CLANG_WARN_OBJC_LITERAL_CONVERSION = YES;
				CLANG_WARN_OBJC_ROOT_CLASS = YES_ERROR;
				CLANG_WARN_QUOTED_INCLUDE_IN_FRAMEWORK_HEADER = YES;
				CLANG_WARN_RANGE_LOOP_ANALYSIS = YES;
				CLANG_WARN_STRICT_PROTOTYPES = YES;
				CLANG_WARN_SUSPICIOUS_MOVE = YES;
				CLANG_WARN_UNGUARDED_AVAILABILITY = YES_AGGRESSIVE;
				CLANG_WARN_UNREACHABLE_CODE = YES;
				CLANG_WARN__DUPLICATE_METHOD_MATCH = YES;
				COPY_PHASE_STRIP = NO;
				DEBUG_INFORMATION_FORMAT = dwarf;
				ENABLE_STRICT_OBJC_MSGSEND = YES;
				ENABLE_TESTABILITY = YES;
				GCC_C_LANGUAGE_STANDARD = gnu11;
				GCC_DYNAMIC_NO_PIC = NO;
				GCC_NO_COMMON_BLOCKS = YES;
				GCC_OPTIMIZATION_LEVEL = 0;
				GCC_PREPROCESSOR_DEFINITIONS = (
					"DEBUG=1",
					"$(inherited)",
				);
				GCC_WARN_64_TO_32_BIT_CONVERSION = YES;
				GCC_WARN_ABOUT_RETURN_TYPE = YES_ERROR;
				GCC_WARN_UNDECLARED_SELECTOR = YES;
				GCC_WARN_UNINITIALIZED_AUTOS = YES_AGGRESSIVE;
				GCC_WARN_UNUSED_FUNCTION = YES;
				GCC_WARN_UNUSED_VARIABLE = YES;
				MACOSX_DEPLOYMENT_TARGET = 11.0;
				MTL_ENABLE_DEBUG_INFO = INCLUDE_SOURCE;
				MTL_FAST_MATH = YES;
				ONLY_ACTIVE_ARCH = YES;
				SDKROOT = macosx;
				SWIFT_ACTIVE_COMPILATION_CONDITIONS = DEBUG;
				SWIFT_OPTIMIZATION_LEVEL = "-Onone";
			};
			name = Debug;
		};
		BF6FBAFE24A8BDDB00996890 /* Release */ = {
			isa = XCBuildConfiguration;
			buildSettings = {
				ALWAYS_SEARCH_USER_PATHS = NO;
				CLANG_ANALYZER_NONNULL = YES;
				CLANG_ANALYZER_NUMBER_OBJECT_CONVERSION = YES_AGGRESSIVE;
				CLANG_CXX_LANGUAGE_STANDARD = "gnu++14";
				CLANG_CXX_LIBRARY = "libc++";
				CLANG_ENABLE_MODULES = YES;
				CLANG_ENABLE_OBJC_ARC = YES;
				CLANG_ENABLE_OBJC_WEAK = YES;
				CLANG_WARN_BLOCK_CAPTURE_AUTORELEASING = YES;
				CLANG_WARN_BOOL_CONVERSION = YES;
				CLANG_WARN_COMMA = YES;
				CLANG_WARN_CONSTANT_CONVERSION = YES;
				CLANG_WARN_DEPRECATED_OBJC_IMPLEMENTATIONS = YES;
				CLANG_WARN_DIRECT_OBJC_ISA_USAGE = YES_ERROR;
				CLANG_WARN_DOCUMENTATION_COMMENTS = YES;
				CLANG_WARN_EMPTY_BODY = YES;
				CLANG_WARN_ENUM_CONVERSION = YES;
				CLANG_WARN_INFINITE_RECURSION = YES;
				CLANG_WARN_INT_CONVERSION = YES;
				CLANG_WARN_NON_LITERAL_NULL_CONVERSION = YES;
				CLANG_WARN_OBJC_IMPLICIT_RETAIN_SELF = YES;
				CLANG_WARN_OBJC_LITERAL_CONVERSION = YES;
				CLANG_WARN_OBJC_ROOT_CLASS = YES_ERROR;
				CLANG_WARN_QUOTED_INCLUDE_IN_FRAMEWORK_HEADER = YES;
				CLANG_WARN_RANGE_LOOP_ANALYSIS = YES;
				CLANG_WARN_STRICT_PROTOTYPES = YES;
				CLANG_WARN_SUSPICIOUS_MOVE = YES;
				CLANG_WARN_UNGUARDED_AVAILABILITY = YES_AGGRESSIVE;
				CLANG_WARN_UNREACHABLE_CODE = YES;
				CLANG_WARN__DUPLICATE_METHOD_MATCH = YES;
				COPY_PHASE_STRIP = NO;
				DEBUG_INFORMATION_FORMAT = "dwarf-with-dsym";
				ENABLE_NS_ASSERTIONS = NO;
				ENABLE_STRICT_OBJC_MSGSEND = YES;
				GCC_C_LANGUAGE_STANDARD = gnu11;
				GCC_NO_COMMON_BLOCKS = YES;
				GCC_WARN_64_TO_32_BIT_CONVERSION = YES;
				GCC_WARN_ABOUT_RETURN_TYPE = YES_ERROR;
				GCC_WARN_UNDECLARED_SELECTOR = YES;
				GCC_WARN_UNINITIALIZED_AUTOS = YES_AGGRESSIVE;
				GCC_WARN_UNUSED_FUNCTION = YES;
				GCC_WARN_UNUSED_VARIABLE = YES;
				MACOSX_DEPLOYMENT_TARGET = 11.0;
				MTL_ENABLE_DEBUG_INFO = NO;
				MTL_FAST_MATH = YES;
				SDKROOT = macosx;
				SWIFT_COMPILATION_MODE = wholemodule;
				SWIFT_OPTIMIZATION_LEVEL = "-O";
			};
			name = Release;
		};
		BF6FBB0024A8BDDB00996890 /* Debug */ = {
			isa = XCBuildConfiguration;
			buildSettings = {
				ASSETCATALOG_COMPILER_APPICON_NAME = AppIcon;
				ASSETCATALOG_COMPILER_GLOBAL_ACCENT_COLOR_NAME = AccentColor;
				CODE_SIGN_ENTITLEMENTS = Conscious/Metadata/Conscious.entitlements;
				CODE_SIGN_STYLE = Automatic;
				COMBINE_HIDPI_IMAGES = YES;
				DEVELOPMENT_TEAM = FQQXSP79X3;
				ENABLE_HARDENED_RUNTIME = YES;
				INFOPLIST_FILE = Conscious/Metadata/Info.plist;
				LD_RUNPATH_SEARCH_PATHS = (
					"$(inherited)",
					"@executable_path/../Frameworks",
				);
				MACOSX_DEPLOYMENT_TARGET = 10.14;
				PRODUCT_BUNDLE_IDENTIFIER = net.marquiskurt.costumemaster;
				PRODUCT_NAME = "The $(TARGET_NAME)";
				SWIFT_VERSION = 5.0;
			};
			name = Debug;
		};
		BF6FBB0124A8BDDB00996890 /* Release */ = {
			isa = XCBuildConfiguration;
			buildSettings = {
				ASSETCATALOG_COMPILER_APPICON_NAME = AppIcon;
				ASSETCATALOG_COMPILER_GLOBAL_ACCENT_COLOR_NAME = AccentColor;
				CODE_SIGN_ENTITLEMENTS = Conscious/Metadata/Conscious.entitlements;
				CODE_SIGN_STYLE = Automatic;
				COMBINE_HIDPI_IMAGES = YES;
				DEVELOPMENT_TEAM = FQQXSP79X3;
				ENABLE_HARDENED_RUNTIME = YES;
				INFOPLIST_FILE = Conscious/Metadata/Info.plist;
				LD_RUNPATH_SEARCH_PATHS = (
					"$(inherited)",
					"@executable_path/../Frameworks",
				);
				MACOSX_DEPLOYMENT_TARGET = 10.14;
				PRODUCT_BUNDLE_IDENTIFIER = net.marquiskurt.costumemaster;
				PRODUCT_NAME = "The $(TARGET_NAME)";
				SWIFT_VERSION = 5.0;
			};
			name = Release;
		};
		BF6FBB0324A8BDDB00996890 /* Debug */ = {
			isa = XCBuildConfiguration;
			buildSettings = {
				ALWAYS_EMBED_SWIFT_STANDARD_LIBRARIES = YES;
				BUNDLE_LOADER = "$(TEST_HOST)";
				CODE_SIGN_STYLE = Automatic;
				COMBINE_HIDPI_IMAGES = YES;
				DEVELOPMENT_TEAM = FQQXSP79X3;
				INFOPLIST_FILE = ConsciousTests/Info.plist;
				LD_RUNPATH_SEARCH_PATHS = (
					"$(inherited)",
					"@executable_path/../Frameworks",
					"@loader_path/../Frameworks",
				);
				MACOSX_DEPLOYMENT_TARGET = 10.16;
				PRODUCT_BUNDLE_IDENTIFIER = net.marquiskurt.ConsciousTests;
				PRODUCT_NAME = "$(TARGET_NAME)";
				SWIFT_VERSION = 5.0;
				TEST_HOST = "$(BUILT_PRODUCTS_DIR)/Conscious.app/Contents/MacOS/Conscious";
			};
			name = Debug;
		};
		BF6FBB0424A8BDDB00996890 /* Release */ = {
			isa = XCBuildConfiguration;
			buildSettings = {
				ALWAYS_EMBED_SWIFT_STANDARD_LIBRARIES = YES;
				BUNDLE_LOADER = "$(TEST_HOST)";
				CODE_SIGN_STYLE = Automatic;
				COMBINE_HIDPI_IMAGES = YES;
				DEVELOPMENT_TEAM = FQQXSP79X3;
				INFOPLIST_FILE = ConsciousTests/Info.plist;
				LD_RUNPATH_SEARCH_PATHS = (
					"$(inherited)",
					"@executable_path/../Frameworks",
					"@loader_path/../Frameworks",
				);
				MACOSX_DEPLOYMENT_TARGET = 10.16;
				PRODUCT_BUNDLE_IDENTIFIER = net.marquiskurt.ConsciousTests;
				PRODUCT_NAME = "$(TARGET_NAME)";
				SWIFT_VERSION = 5.0;
				TEST_HOST = "$(BUILT_PRODUCTS_DIR)/Conscious.app/Contents/MacOS/Conscious";
			};
			name = Release;
		};
		BF6FBB0624A8BDDB00996890 /* Debug */ = {
			isa = XCBuildConfiguration;
			buildSettings = {
				ALWAYS_EMBED_SWIFT_STANDARD_LIBRARIES = YES;
				CODE_SIGN_STYLE = Automatic;
				COMBINE_HIDPI_IMAGES = YES;
				DEVELOPMENT_TEAM = FQQXSP79X3;
				INFOPLIST_FILE = ConsciousUITests/Info.plist;
				LD_RUNPATH_SEARCH_PATHS = (
					"$(inherited)",
					"@executable_path/../Frameworks",
					"@loader_path/../Frameworks",
				);
				PRODUCT_BUNDLE_IDENTIFIER = net.marquiskurt.ConsciousUITests;
				PRODUCT_NAME = "$(TARGET_NAME)";
				SWIFT_VERSION = 5.0;
				TEST_TARGET_NAME = Conscious;
			};
			name = Debug;
		};
		BF6FBB0724A8BDDB00996890 /* Release */ = {
			isa = XCBuildConfiguration;
			buildSettings = {
				ALWAYS_EMBED_SWIFT_STANDARD_LIBRARIES = YES;
				CODE_SIGN_STYLE = Automatic;
				COMBINE_HIDPI_IMAGES = YES;
				DEVELOPMENT_TEAM = FQQXSP79X3;
				INFOPLIST_FILE = ConsciousUITests/Info.plist;
				LD_RUNPATH_SEARCH_PATHS = (
					"$(inherited)",
					"@executable_path/../Frameworks",
					"@loader_path/../Frameworks",
				);
				PRODUCT_BUNDLE_IDENTIFIER = net.marquiskurt.ConsciousUITests;
				PRODUCT_NAME = "$(TARGET_NAME)";
				SWIFT_VERSION = 5.0;
				TEST_TARGET_NAME = Conscious;
			};
			name = Release;
		};
/* End XCBuildConfiguration section */

/* Begin XCConfigurationList section */
		BF6FBACE24A8BDD400996890 /* Build configuration list for PBXProject "Conscious" */ = {
			isa = XCConfigurationList;
			buildConfigurations = (
				BF6FBAFD24A8BDDB00996890 /* Debug */,
				BF6FBAFE24A8BDDB00996890 /* Release */,
			);
			defaultConfigurationIsVisible = 0;
			defaultConfigurationName = Release;
		};
		BF6FBAFF24A8BDDB00996890 /* Build configuration list for PBXNativeTarget "Costumemaster" */ = {
			isa = XCConfigurationList;
			buildConfigurations = (
				BF6FBB0024A8BDDB00996890 /* Debug */,
				BF6FBB0124A8BDDB00996890 /* Release */,
			);
			defaultConfigurationIsVisible = 0;
			defaultConfigurationName = Release;
		};
		BF6FBB0224A8BDDB00996890 /* Build configuration list for PBXNativeTarget "ConsciousTests" */ = {
			isa = XCConfigurationList;
			buildConfigurations = (
				BF6FBB0324A8BDDB00996890 /* Debug */,
				BF6FBB0424A8BDDB00996890 /* Release */,
			);
			defaultConfigurationIsVisible = 0;
			defaultConfigurationName = Release;
		};
		BF6FBB0524A8BDDB00996890 /* Build configuration list for PBXNativeTarget "ConsciousUITests" */ = {
			isa = XCConfigurationList;
			buildConfigurations = (
				BF6FBB0624A8BDDB00996890 /* Debug */,
				BF6FBB0724A8BDDB00996890 /* Release */,
			);
			defaultConfigurationIsVisible = 0;
			defaultConfigurationName = Release;
		};
/* End XCConfigurationList section */

/* Begin XCRemoteSwiftPackageReference section */
		BF0D2C1A24FADC4E00AEF86F /* XCRemoteSwiftPackageReference "KeyboardShortcuts" */ = {
			isa = XCRemoteSwiftPackageReference;
			repositoryURL = "https://github.com/sindresorhus/KeyboardShortcuts";
			requirement = {
				kind = upToNextMajorVersion;
				minimumVersion = 0.5.0;
			};
		};
/* End XCRemoteSwiftPackageReference section */

/* Begin XCSwiftPackageProductDependency section */
		BF0D2C1B24FADC4E00AEF86F /* KeyboardShortcuts */ = {
			isa = XCSwiftPackageProductDependency;
			package = BF0D2C1A24FADC4E00AEF86F /* XCRemoteSwiftPackageReference "KeyboardShortcuts" */;
			productName = KeyboardShortcuts;
		};
/* End XCSwiftPackageProductDependency section */
	};
	rootObject = BF6FBACB24A8BDD400996890 /* Project object */;
}
