{
  "object": {
    "pins": [
      {
        "package": "GBMKUtils",
        "repositoryURL": "https://github.com/alicerunsonfedora/GBMKUtils.git",
        "state": {
          "branch": null,
          "revision": "398d79a21f8afe511db90adcabfe7858560aacdb",
          "version": "0.2.1"
        }
      },
      {
        "package": "KeyboardShortcuts",
        "repositoryURL": "https://github.com/sindresorhus/KeyboardShortcuts",
        "state": {
          "branch": null,
          "revision": "81e72f4787f2d642d788594834f42431f079e505",
          "version": "0.6.0"
        }
      }
    ]
  },
  "version": 1
}
