{
  "object": {
    "pins": [
      {
        "package": "AppStorage",
        "repositoryURL": "https://github.com/alicerunsonfedora/AppStorage.git",
        "state": {
          "branch": "main",
          "revision": "9d2ae94313c671fce83f769e6e35617ef39047d3",
          "version": null
        }
      },
      {
        "package": "CodableCSV",
        "repositoryURL": "https://github.com/dehesa/CodableCSV.git",
        "state": {
          "branch": null,
          "revision": "0a92dd6b49f859862309ecab45f54d9aed4340b8",
          "version": "0.6.3"
        }
      },
      {
        "package": "GBMKUtils",
        "repositoryURL": "https://github.com/alicerunsonfedora/GBMKUtils.git",
        "state": {
          "branch": null,
          "revision": "398d79a21f8afe511db90adcabfe7858560aacdb",
          "version": "0.2.1"
        }
      },
      {
        "package": "KeyboardShortcuts",
        "repositoryURL": "https://github.com/sindresorhus/KeyboardShortcuts",
        "state": {
          "branch": null,
          "revision": "81e72f4787f2d642d788594834f42431f079e505",
          "version": "0.6.0"
        }
      },
      {
        "package": "Preferences",
        "repositoryURL": "https://github.com/sindresorhus/Preferences",
        "state": {
          "branch": null,
          "revision": "ad69881dc060cd590d3edfb84c7cc444d87e280a",
          "version": "2.1.0"
        }
      }
    ]
  },
  "version": 1
}
